
Microsoft Visual Studio Solution File, Format Version 12.00
# Visual Studio Version 17
VisualStudioVersion = 17.14.36429.23 d17.14
MinimumVisualStudioVersion = 10.0.40219.1
Project("{FAE04EC0-301F-11D3-BF4B-00C04F79EFBC}") = "19.10", "19.10\19.10.csproj", "{88B3D155-3E61-4658-B56D-09DAF2F6774A}"
EndProject
Global
	GlobalSection(SolutionConfigurationPlatforms) = preSolution
		Debug|Any CPU = Debug|Any CPU
		Release|Any CPU = Release|Any CPU
	EndGlobalSection
	GlobalSection(ProjectConfigurationPlatforms) = postSolution
		{88B3D155-3E61-4658-B56D-09DAF2F6774A}.Debug|Any CPU.ActiveCfg = Debug|Any CPU
		{88B3D155-3E61-4658-B56D-09DAF2F6774A}.Debug|Any CPU.Build.0 = Debug|Any CPU
		{88B3D155-3E61-4658-B56D-09DAF2F6774A}.Release|Any CPU.ActiveCfg = Release|Any CPU
		{88B3D155-3E61-4658-B56D-09DAF2F6774A}.Release|Any CPU.Build.0 = Release|Any CPU
	EndGlobalSection
	GlobalSection(SolutionProperties) = preSolution
		HideSolutionNode = FALSE
	EndGlobalSection
	GlobalSection(ExtensibilityGlobals) = postSolution
		SolutionGuid = {C5C42914-67C8-45A3-8DB7-00192DD22324}
	EndGlobalSection
EndGlobal
